
Microsoft Visual Studio Solution File, Format Version 12.00
# Visual Studio Version 17
VisualStudioVersion = 17.0.31903.59
MinimumVisualStudioVersion = 10.0.40219.1
Project("{9A19103F-16F7-4668-BE54-9A1E7A4F7556}") = "AssetLoader", "AssetLoader\AssetLoader.csproj", "{35FB73C9-194D-4B06-8327-9200CAF9BF7D}"
EndProject
Project("{2150E333-8FDC-42A3-9474-1A3956D46DE8}") = "Solution Items", "Solution Items", "{28E96CB7-3927-4A9A-9707-0061DF49F2C8}"
	ProjectSection(SolutionItems) = preProject
		Directory.Build.targets = Directory.Build.targets
		info.json = info.json
		repository.json = repository.json
	EndProjectSection
EndProject
Global
	GlobalSection(SolutionConfigurationPlatforms) = preSolution
		Debug|Any CPU = Debug|Any CPU
		Release|Any CPU = Release|Any CPU
	EndGlobalSection
	GlobalSection(ProjectConfigurationPlatforms) = postSolution
		{35FB73C9-194D-4B06-8327-9200CAF9BF7D}.Debug|Any CPU.ActiveCfg = Debug|Any CPU
		{35FB73C9-194D-4B06-8327-9200CAF9BF7D}.Debug|Any CPU.Build.0 = Debug|Any CPU
		{35FB73C9-194D-4B06-8327-9200CAF9BF7D}.Release|Any CPU.ActiveCfg = Release|Any CPU
		{35FB73C9-194D-4B06-8327-9200CAF9BF7D}.Release|Any CPU.Build.0 = Release|Any CPU
	EndGlobalSection
	GlobalSection(SolutionProperties) = preSolution
		HideSolutionNode = FALSE
	EndGlobalSection
	GlobalSection(ExtensibilityGlobals) = postSolution
		SolutionGuid = {AFA2B40D-8453-4AC1-8F0B-7D7BDD4866CA}
	EndGlobalSection
EndGlobal
